
Microsoft Visual Studio Solution File, Format Version 12.00
# Visual Studio Version 17
VisualStudioVersion = 17.5.33414.496
MinimumVisualStudioVersion = 10.0.40219.1
Project("{9A19103F-16F7-4668-BE54-9A1E7A4F7556}") = "Dapr.ServiceInvocation", "DaprSampleAPI\Dapr.ServiceInvocation.csproj", "{FC7D177A-F7FA-4BA1-8B28-83BA6F8464BA}"
EndProject
Project("{2150E333-8FDC-42A3-9474-1A3956D46DE8}") = "Services", "Services", "{C2EC67FE-4767-4DF1-8007-00699C64386C}"
EndProject
Project("{9A19103F-16F7-4668-BE54-9A1E7A4F7556}") = "Dapr.OrderProcessor", "Libs\Dapr.OrderProcessor\Dapr.OrderProcessor.csproj", "{1FEE2015-4E8F-4151-90BE-9F10688A6F1B}"
EndProject
Project("{E53339B2-1760-4266-BCC7-CA923CBCF16C}") = "docker-compose", "docker-compose.dcproj", "{975B1840-E843-48ED-9F7C-DED485EB3047}"
EndProject
Global
	GlobalSection(SolutionConfigurationPlatforms) = preSolution
		Debug|Any CPU = Debug|Any CPU
		Release|Any CPU = Release|Any CPU
	EndGlobalSection
	GlobalSection(ProjectConfigurationPlatforms) = postSolution
		{FC7D177A-F7FA-4BA1-8B28-83BA6F8464BA}.Debug|Any CPU.ActiveCfg = Debug|Any CPU
		{FC7D177A-F7FA-4BA1-8B28-83BA6F8464BA}.Debug|Any CPU.Build.0 = Debug|Any CPU
		{FC7D177A-F7FA-4BA1-8B28-83BA6F8464BA}.Release|Any CPU.ActiveCfg = Release|Any CPU
		{FC7D177A-F7FA-4BA1-8B28-83BA6F8464BA}.Release|Any CPU.Build.0 = Release|Any CPU
		{1FEE2015-4E8F-4151-90BE-9F10688A6F1B}.Debug|Any CPU.ActiveCfg = Debug|Any CPU
		{1FEE2015-4E8F-4151-90BE-9F10688A6F1B}.Debug|Any CPU.Build.0 = Debug|Any CPU
		{1FEE2015-4E8F-4151-90BE-9F10688A6F1B}.Release|Any CPU.ActiveCfg = Release|Any CPU
		{1FEE2015-4E8F-4151-90BE-9F10688A6F1B}.Release|Any CPU.Build.0 = Release|Any CPU
		{975B1840-E843-48ED-9F7C-DED485EB3047}.Debug|Any CPU.ActiveCfg = Debug|Any CPU
		{975B1840-E843-48ED-9F7C-DED485EB3047}.Debug|Any CPU.Build.0 = Debug|Any CPU
		{975B1840-E843-48ED-9F7C-DED485EB3047}.Release|Any CPU.ActiveCfg = Release|Any CPU
		{975B1840-E843-48ED-9F7C-DED485EB3047}.Release|Any CPU.Build.0 = Release|Any CPU
	EndGlobalSection
	GlobalSection(SolutionProperties) = preSolution
		HideSolutionNode = FALSE
	EndGlobalSection
	GlobalSection(NestedProjects) = preSolution
		{FC7D177A-F7FA-4BA1-8B28-83BA6F8464BA} = {C2EC67FE-4767-4DF1-8007-00699C64386C}
		{1FEE2015-4E8F-4151-90BE-9F10688A6F1B} = {C2EC67FE-4767-4DF1-8007-00699C64386C}
	EndGlobalSection
	GlobalSection(ExtensibilityGlobals) = postSolution
		SolutionGuid = {A7730219-1BE0-4BD4-9EA9-D8E167B2F771}
	EndGlobalSection
EndGlobal
